{
  "nodes": {
    "darwin": {
      "inputs": {
        "nixpkgs": [
          "nixpkgs-darwin"
        ]
      },
      "locked": {
        "lastModified": 1742373336,
        "narHash": "sha256-oEF5dBlq8wGD3mkJ5PmFS1PGb28uYmvuy1IH6roIGkQ=",
        "owner": "lnl7",
        "repo": "nix-darwin",
        "rev": "2d9b63316926aa130a5a51136d93b9be28808f26",
        "type": "github"
      },
      "original": {
        "owner": "lnl7",
        "repo": "nix-darwin",
        "type": "github"
      }
    },
    "home-manager": {
      "inputs": {
        "nixpkgs": [
          "nixpkgs-darwin"
        ]
      },
      "locked": {
        "lastModified": 1742501496,
        "narHash": "sha256-LYwyZmhckDKK7i4avmbcs1pBROpOaHi98lbjX1fmVpU=",
        "owner": "nix-community",
        "repo": "home-manager",
        "rev": "d725df5ad8cee60e61ee6fe3afb735e4fbc1ff41",
        "type": "github"
      },
      "original": {
        "owner": "nix-community",
        "repo": "home-manager",
        "type": "github"
      }
    },
    "nixpkgs": {
      "locked": {
        "lastModified": 0,
        "narHash": "sha256-cNRqdQD4sZpN7JLqxVOze4+WsWTmv2DGH0wNCOVwrWc=",
        "path": "/nix/store/5bshdizjcs9agk532fy4373kl7gbn9cr-source",
        "type": "path"
      },
      "original": {
        "id": "nixpkgs",
        "type": "indirect"
      }
    },
    "nixpkgs-darwin": {
      "locked": {
        "lastModified": 1742364351,
        "narHash": "sha256-jXRpw4xT5LV2cBoq5fKFLwtX2j68RB93iX8F8KMMzWk=",
        "owner": "nixos",
        "repo": "nixpkgs",
        "rev": "44e422ba8ed1bdec9620b0733601669972f91170",
        "type": "github"
      },
      "original": {
        "owner": "nixos",
        "ref": "nixpkgs-unstable",
        "repo": "nixpkgs",
        "type": "github"
      }
    },
    "root": {
      "inputs": {
        "darwin": "darwin",
        "home-manager": "home-manager",
        "nixpkgs": "nixpkgs",
        "nixpkgs-darwin": "nixpkgs-darwin"
      }
    }
  },
  "root": "root",
  "version": 7
}
